
Microsoft Visual Studio Solution File, Format Version 12.00
# Visual Studio Version 16
VisualStudioVersion = 16.0.30711.63
MinimumVisualStudioVersion = 10.0.40219.1
Project("{FAE04EC0-301F-11D3-BF4B-00C04F79EFBC}") = "PatchMod", "PatchMod\PatchMod.csproj", "{14CEDBF1-C897-4A4E-94BD-4FBE8AAD1045}"
EndProject
Global
	GlobalSection(SolutionConfigurationPlatforms) = preSolution
		Debug|Any CPU = Debug|Any CPU
		Release|Any CPU = Release|Any CPU
	EndGlobalSection
	GlobalSection(ProjectConfigurationPlatforms) = postSolution
		{14CEDBF1-C897-4A4E-94BD-4FBE8AAD1045}.Debug|Any CPU.ActiveCfg = Debug|Any CPU
		{14CEDBF1-C897-4A4E-94BD-4FBE8AAD1045}.Debug|Any CPU.Build.0 = Debug|Any CPU
		{14CEDBF1-C897-4A4E-94BD-4FBE8AAD1045}.Release|Any CPU.ActiveCfg = Release|Any CPU
		{14CEDBF1-C897-4A4E-94BD-4FBE8AAD1045}.Release|Any CPU.Build.0 = Release|Any CPU
	EndGlobalSection
	GlobalSection(SolutionProperties) = preSolution
		HideSolutionNode = FALSE
	EndGlobalSection
	GlobalSection(ExtensibilityGlobals) = postSolution
		SolutionGuid = {C6127D00-E5C5-4F38-B178-56EAB65ECD8C}
	EndGlobalSection
EndGlobal
